
Microsoft Visual Studio Solution File, Format Version 12.00
# Visual Studio Version 17
VisualStudioVersion = 17.8.34525.116
MinimumVisualStudioVersion = 10.0.40219.1
Project("{FAE04EC0-301F-11D3-BF4B-00C04F79EFBC}") = "Exercicio-Vetores", "Exercicio-Vetores\Exercicio-Vetores.csproj", "{0D564463-6BDD-466F-BAD6-E2E344394147}"
EndProject
Global
	GlobalSection(SolutionConfigurationPlatforms) = preSolution
		Debug|Any CPU = Debug|Any CPU
		Release|Any CPU = Release|Any CPU
	EndGlobalSection
	GlobalSection(ProjectConfigurationPlatforms) = postSolution
		{0D564463-6BDD-466F-BAD6-E2E344394147}.Debug|Any CPU.ActiveCfg = Debug|Any CPU
		{0D564463-6BDD-466F-BAD6-E2E344394147}.Debug|Any CPU.Build.0 = Debug|Any CPU
		{0D564463-6BDD-466F-BAD6-E2E344394147}.Release|Any CPU.ActiveCfg = Release|Any CPU
		{0D564463-6BDD-466F-BAD6-E2E344394147}.Release|Any CPU.Build.0 = Release|Any CPU
	EndGlobalSection
	GlobalSection(SolutionProperties) = preSolution
		HideSolutionNode = FALSE
	EndGlobalSection
	GlobalSection(ExtensibilityGlobals) = postSolution
		SolutionGuid = {0330FEF3-9163-483F-8C84-86BC22C118CE}
	EndGlobalSection
EndGlobal
