
Microsoft Visual Studio Solution File, Format Version 12.00
# Visual Studio Version 17
VisualStudioVersion = 17.8.34525.116
MinimumVisualStudioVersion = 10.0.40219.1
Project("{FAE04EC0-301F-11D3-BF4B-00C04F79EFBC}") = "Construtores-Sobrecarga-This-Encapsulamento", "Construtores-Sobrecarga-This-Encapsulamento\Construtores-Sobrecarga-This-Encapsulamento.csproj", "{ADB3F9E7-168C-4659-A438-E8CEFEF0A7DC}"
EndProject
Global
	GlobalSection(SolutionConfigurationPlatforms) = preSolution
		Debug|Any CPU = Debug|Any CPU
		Release|Any CPU = Release|Any CPU
	EndGlobalSection
	GlobalSection(ProjectConfigurationPlatforms) = postSolution
		{ADB3F9E7-168C-4659-A438-E8CEFEF0A7DC}.Debug|Any CPU.ActiveCfg = Debug|Any CPU
		{ADB3F9E7-168C-4659-A438-E8CEFEF0A7DC}.Debug|Any CPU.Build.0 = Debug|Any CPU
		{ADB3F9E7-168C-4659-A438-E8CEFEF0A7DC}.Release|Any CPU.ActiveCfg = Release|Any CPU
		{ADB3F9E7-168C-4659-A438-E8CEFEF0A7DC}.Release|Any CPU.Build.0 = Release|Any CPU
	EndGlobalSection
	GlobalSection(SolutionProperties) = preSolution
		HideSolutionNode = FALSE
	EndGlobalSection
	GlobalSection(ExtensibilityGlobals) = postSolution
		SolutionGuid = {2FEF1822-846A-4EFA-B677-6ACBED5DC3B6}
	EndGlobalSection
EndGlobal
