
Microsoft Visual Studio Solution File, Format Version 12.00
# Visual Studio Version 17
VisualStudioVersion = 17.8.34511.84
MinimumVisualStudioVersion = 10.0.40219.1
Project("{FAE04EC0-301F-11D3-BF4B-00C04F79EFBC}") = "ExercicioClasse01", "ExercicioClasse01\ExercicioClasse01.csproj", "{F50F8E67-B045-4EDA-9782-6BE150862874}"
EndProject
Project("{FAE04EC0-301F-11D3-BF4B-00C04F79EFBC}") = "ExercicioClasse02", "..\ExercicioClasse02\ExercicioClasse02.csproj", "{A378014F-CA3D-41DD-A4FA-A931F20F1697}"
EndProject
Global
	GlobalSection(SolutionConfigurationPlatforms) = preSolution
		Debug|Any CPU = Debug|Any CPU
		Release|Any CPU = Release|Any CPU
	EndGlobalSection
	GlobalSection(ProjectConfigurationPlatforms) = postSolution
		{F50F8E67-B045-4EDA-9782-6BE150862874}.Debug|Any CPU.ActiveCfg = Debug|Any CPU
		{F50F8E67-B045-4EDA-9782-6BE150862874}.Debug|Any CPU.Build.0 = Debug|Any CPU
		{F50F8E67-B045-4EDA-9782-6BE150862874}.Release|Any CPU.ActiveCfg = Release|Any CPU
		{F50F8E67-B045-4EDA-9782-6BE150862874}.Release|Any CPU.Build.0 = Release|Any CPU
		{A378014F-CA3D-41DD-A4FA-A931F20F1697}.Debug|Any CPU.ActiveCfg = Debug|Any CPU
		{A378014F-CA3D-41DD-A4FA-A931F20F1697}.Debug|Any CPU.Build.0 = Debug|Any CPU
		{A378014F-CA3D-41DD-A4FA-A931F20F1697}.Release|Any CPU.ActiveCfg = Release|Any CPU
		{A378014F-CA3D-41DD-A4FA-A931F20F1697}.Release|Any CPU.Build.0 = Release|Any CPU
	EndGlobalSection
	GlobalSection(SolutionProperties) = preSolution
		HideSolutionNode = FALSE
	EndGlobalSection
	GlobalSection(ExtensibilityGlobals) = postSolution
		SolutionGuid = {84526A67-EFF3-45A7-BB60-21BFE9736546}
	EndGlobalSection
EndGlobal
